
Microsoft Visual Studio Solution File, Format Version 12.00
# Visual Studio Version 16
VisualStudioVersion = 16.0.30804.86
MinimumVisualStudioVersion = 10.0.40219.1
Project("{E24C65DC-7377-472B-9ABA-BC803B73C61A}") = "ServicioAerolinea", "ServicioAerolinea\", "{B0564542-A825-4C46-98CF-208DA8FBFD1A}"
	ProjectSection(WebsiteProperties) = preProject
		TargetFrameworkMoniker = ".NETFramework,Version%3Dv4.6"
		Debug.AspNetCompiler.VirtualPath = "/localhost_55828"
		Debug.AspNetCompiler.PhysicalPath = "ServicioAerolinea\"
		Debug.AspNetCompiler.TargetPath = "PrecompiledWeb\localhost_55828\"
		Debug.AspNetCompiler.Updateable = "true"
		Debug.AspNetCompiler.ForceOverwrite = "true"
		Debug.AspNetCompiler.FixedNames = "false"
		Debug.AspNetCompiler.Debug = "True"
		Release.AspNetCompiler.VirtualPath = "/localhost_55828"
		Release.AspNetCompiler.PhysicalPath = "ServicioAerolinea\"
		Release.AspNetCompiler.TargetPath = "PrecompiledWeb\localhost_55828\"
		Release.AspNetCompiler.Updateable = "true"
		Release.AspNetCompiler.ForceOverwrite = "true"
		Release.AspNetCompiler.FixedNames = "false"
		Release.AspNetCompiler.Debug = "False"
		VWDPort = "55828"
		SlnRelativePath = "ServicioAerolinea\"
		DefaultWebSiteLanguage = "Visual C#"
	EndProjectSection
EndProject
Project("{FAE04EC0-301F-11D3-BF4B-00C04F79EFBC}") = "WebAerolinea", "WebAerolinea\WebAerolinea.csproj", "{13E3B413-BCB4-4D1B-8B35-B838F23CD97E}"
	ProjectSection(ProjectDependencies) = postProject
		{B0564542-A825-4C46-98CF-208DA8FBFD1A} = {B0564542-A825-4C46-98CF-208DA8FBFD1A}
	EndProjectSection
EndProject
Global
	GlobalSection(SolutionConfigurationPlatforms) = preSolution
		Debug|Any CPU = Debug|Any CPU
		Release|Any CPU = Release|Any CPU
	EndGlobalSection
	GlobalSection(ProjectConfigurationPlatforms) = postSolution
		{B0564542-A825-4C46-98CF-208DA8FBFD1A}.Debug|Any CPU.ActiveCfg = Debug|Any CPU
		{B0564542-A825-4C46-98CF-208DA8FBFD1A}.Debug|Any CPU.Build.0 = Debug|Any CPU
		{B0564542-A825-4C46-98CF-208DA8FBFD1A}.Release|Any CPU.ActiveCfg = Debug|Any CPU
		{B0564542-A825-4C46-98CF-208DA8FBFD1A}.Release|Any CPU.Build.0 = Debug|Any CPU
		{13E3B413-BCB4-4D1B-8B35-B838F23CD97E}.Debug|Any CPU.ActiveCfg = Debug|Any CPU
		{13E3B413-BCB4-4D1B-8B35-B838F23CD97E}.Debug|Any CPU.Build.0 = Debug|Any CPU
		{13E3B413-BCB4-4D1B-8B35-B838F23CD97E}.Release|Any CPU.ActiveCfg = Release|Any CPU
		{13E3B413-BCB4-4D1B-8B35-B838F23CD97E}.Release|Any CPU.Build.0 = Release|Any CPU
	EndGlobalSection
	GlobalSection(SolutionProperties) = preSolution
		HideSolutionNode = FALSE
	EndGlobalSection
	GlobalSection(ExtensibilityGlobals) = postSolution
		SolutionGuid = {62ED8EFC-98C6-4AE5-BB78-08509986CCB3}
	EndGlobalSection
EndGlobal
